PODS:
  - ViperMcFlurrySwift (1.0.0)

DEPENDENCIES:
  - ViperMcFlurrySwift (from `../`)

EXTERNAL SOURCES:
  ViperMcFlurrySwift:
    :path: "../"

SPEC CHECKSUMS:
  ViperMcFlurrySwift: 079e49b8013e5bde66b7e631e8e552345999bba3

PODFILE CHECKSUM: 9675149adee512e112b26227b3c63821cf90b54c

COCOAPODS: 1.8.3
